
Microsoft Visual Studio Solution File, Format Version 12.00
# Visual Studio Version 16
VisualStudioVersion = 16.0.30717.126
MinimumVisualStudioVersion = 10.0.40219.1
Project("{9A19103F-16F7-4668-BE54-9A1E7A4F7556}") = "WBZ", "WBZ\WBZ.csproj", "{65331EE7-6404-41C0-9BEA-BF732EB66B06}"
EndProject
Project("{00D1A9C2-B5F0-4AF3-8072-F6C62B433612}") = "WBZ_SQL", "WBZ_SQL\WBZ_SQL.sqlproj", "{87BE48AE-4541-4A9D-88A0-3DB0A3465FAA}"
EndProject
Global
	GlobalSection(SolutionConfigurationPlatforms) = preSolution
		Debug|Any CPU = Debug|Any CPU
		Release|Any CPU = Release|Any CPU
	EndGlobalSection
	GlobalSection(ProjectConfigurationPlatforms) = postSolution
		{65331EE7-6404-41C0-9BEA-BF732EB66B06}.Debug|Any CPU.ActiveCfg = Debug|Any CPU
		{65331EE7-6404-41C0-9BEA-BF732EB66B06}.Debug|Any CPU.Build.0 = Debug|Any CPU
		{65331EE7-6404-41C0-9BEA-BF732EB66B06}.Release|Any CPU.ActiveCfg = Release|Any CPU
		{65331EE7-6404-41C0-9BEA-BF732EB66B06}.Release|Any CPU.Build.0 = Release|Any CPU
		{87BE48AE-4541-4A9D-88A0-3DB0A3465FAA}.Debug|Any CPU.ActiveCfg = Debug|Any CPU
		{87BE48AE-4541-4A9D-88A0-3DB0A3465FAA}.Debug|Any CPU.Build.0 = Debug|Any CPU
		{87BE48AE-4541-4A9D-88A0-3DB0A3465FAA}.Debug|Any CPU.Deploy.0 = Debug|Any CPU
		{87BE48AE-4541-4A9D-88A0-3DB0A3465FAA}.Release|Any CPU.ActiveCfg = Release|Any CPU
		{87BE48AE-4541-4A9D-88A0-3DB0A3465FAA}.Release|Any CPU.Build.0 = Release|Any CPU
		{87BE48AE-4541-4A9D-88A0-3DB0A3465FAA}.Release|Any CPU.Deploy.0 = Release|Any CPU
	EndGlobalSection
	GlobalSection(SolutionProperties) = preSolution
		HideSolutionNode = FALSE
	EndGlobalSection
	GlobalSection(ExtensibilityGlobals) = postSolution
		SolutionGuid = {086C4BE2-BE6C-42C6-ADEC-12D100457F3E}
	EndGlobalSection
EndGlobal
